{
  "name": "CMS",
  "version": "14.0.0",
  "lockfileVersion": 2,
  "requires": true,
  "packages": {
    "": {
      "name": "CMS",
      "version": "14.0.0",
      "license": "MIT",
      "dependencies": {
        "total4": "^0.0.66"
      }
    },
    "node_modules/total4": {
      "version": "0.0.66",
      "resolved": "https://registry.npmjs.org/total4/-/total4-0.0.66.tgz",
      "integrity": "sha512-VCgIo8tQN5XFYrQDQmZGaLKqOyzmBSh/UJXUivHJXDZqHZKcMbN+ytYmBB4sDUGu/sMc5xlF5PIz74lEv7mkjA==",
      "bin": {
        "total4": "bin/total4"
      }
    }
  },
  "dependencies": {
    "total4": {
      "version": "0.0.66",
      "resolved": "https://registry.npmjs.org/total4/-/total4-0.0.66.tgz",
      "integrity": "sha512-VCgIo8tQN5XFYrQDQmZGaLKqOyzmBSh/UJXUivHJXDZqHZKcMbN+ytYmBB4sDUGu/sMc5xlF5PIz74lEv7mkjA=="
    }
  }
}
